
Microsoft Visual Studio Solution File, Format Version 12.00
# Visual Studio 15
VisualStudioVersion = 15.0.27004.2010
MinimumVisualStudioVersion = 10.0.40219.1
Project("{9A19103F-16F7-4668-BE54-9A1E7A4F7556}") = "api", "api\api.csproj", "{62842846-868D-4B6E-A191-C37121587533}"
EndProject
Project("{9A19103F-16F7-4668-BE54-9A1E7A4F7556}") = "api.test", "api.test\api.test.csproj", "{002B4B4F-3A5D-4342-98AB-C50F7147F863}"
EndProject
Project("{FAE04EC0-301F-11D3-BF4B-00C04F79EFBC}") = "applicationcore", "applicationcore\applicationcore.csproj", "{EECFC911-FE14-4653-9E6A-68040C8E9D89}"
EndProject
Project("{FAE04EC0-301F-11D3-BF4B-00C04F79EFBC}") = "utilities", "utilities\utilities.csproj", "{83BD477D-9C33-4E0A-BF32-84ED88D96C7C}"
EndProject
Project("{FAE04EC0-301F-11D3-BF4B-00C04F79EFBC}") = "infrastructure", "infrastructure\infrastructure.csproj", "{3201377F-98DC-4627-A280-4C4317894605}"
EndProject
Global
	GlobalSection(SolutionConfigurationPlatforms) = preSolution
		Debug|Any CPU = Debug|Any CPU
		Release|Any CPU = Release|Any CPU
	EndGlobalSection
	GlobalSection(ProjectConfigurationPlatforms) = postSolution
		{62842846-868D-4B6E-A191-C37121587533}.Debug|Any CPU.ActiveCfg = Debug|Any CPU
		{62842846-868D-4B6E-A191-C37121587533}.Debug|Any CPU.Build.0 = Debug|Any CPU
		{62842846-868D-4B6E-A191-C37121587533}.Release|Any CPU.ActiveCfg = Release|Any CPU
		{62842846-868D-4B6E-A191-C37121587533}.Release|Any CPU.Build.0 = Release|Any CPU
		{002B4B4F-3A5D-4342-98AB-C50F7147F863}.Debug|Any CPU.ActiveCfg = Debug|Any CPU
		{002B4B4F-3A5D-4342-98AB-C50F7147F863}.Debug|Any CPU.Build.0 = Debug|Any CPU
		{002B4B4F-3A5D-4342-98AB-C50F7147F863}.Release|Any CPU.ActiveCfg = Release|Any CPU
		{002B4B4F-3A5D-4342-98AB-C50F7147F863}.Release|Any CPU.Build.0 = Release|Any CPU
		{EECFC911-FE14-4653-9E6A-68040C8E9D89}.Debug|Any CPU.ActiveCfg = Debug|Any CPU
		{EECFC911-FE14-4653-9E6A-68040C8E9D89}.Debug|Any CPU.Build.0 = Debug|Any CPU
		{EECFC911-FE14-4653-9E6A-68040C8E9D89}.Release|Any CPU.ActiveCfg = Release|Any CPU
		{EECFC911-FE14-4653-9E6A-68040C8E9D89}.Release|Any CPU.Build.0 = Release|Any CPU
		{83BD477D-9C33-4E0A-BF32-84ED88D96C7C}.Debug|Any CPU.ActiveCfg = Debug|Any CPU
		{83BD477D-9C33-4E0A-BF32-84ED88D96C7C}.Debug|Any CPU.Build.0 = Debug|Any CPU
		{83BD477D-9C33-4E0A-BF32-84ED88D96C7C}.Release|Any CPU.ActiveCfg = Release|Any CPU
		{83BD477D-9C33-4E0A-BF32-84ED88D96C7C}.Release|Any CPU.Build.0 = Release|Any CPU
		{3201377F-98DC-4627-A280-4C4317894605}.Debug|Any CPU.ActiveCfg = Debug|Any CPU
		{3201377F-98DC-4627-A280-4C4317894605}.Debug|Any CPU.Build.0 = Debug|Any CPU
		{3201377F-98DC-4627-A280-4C4317894605}.Release|Any CPU.ActiveCfg = Release|Any CPU
		{3201377F-98DC-4627-A280-4C4317894605}.Release|Any CPU.Build.0 = Release|Any CPU
	EndGlobalSection
	GlobalSection(SolutionProperties) = preSolution
		HideSolutionNode = FALSE
	EndGlobalSection
	GlobalSection(ExtensibilityGlobals) = postSolution
		SolutionGuid = {29404028-3073-4A73-9C42-C5311D1DF59C}
	EndGlobalSection
EndGlobal
